{
  "name": "cxstatusline",
  "version": "0.2.6",
  "lockfileVersion": 3,
  "requires": true,
  "packages": {
    "": {
      "name": "cxstatusline",
      "version": "0.2.6",
      "license": "MIT",
      "bin": {
        "cxstatusline": "bin/cxstatusline.js"
      },
      "engines": {
        "node": ">=20"
      }
    }
  }
}
